
Microsoft Visual Studio Solution File, Format Version 12.00
# Visual Studio Version 16
VisualStudioVersion = 16.0.29613.14
MinimumVisualStudioVersion = 10.0.40219.1
Project("{FAE04EC0-301F-11D3-BF4B-00C04F79EFBC}") = "Dota Notifier", "Dota Notifier.csproj", "{4B7B8175-8864-4E25-9FBC-B3644CAEAB3E}"
EndProject
Global
	GlobalSection(SolutionConfigurationPlatforms) = preSolution
		Debug|Any CPU = Debug|Any CPU
		Release|Any CPU = Release|Any CPU
	EndGlobalSection
	GlobalSection(ProjectConfigurationPlatforms) = postSolution
		{4B7B8175-8864-4E25-9FBC-B3644CAEAB3E}.Debug|Any CPU.ActiveCfg = Debug|Any CPU
		{4B7B8175-8864-4E25-9FBC-B3644CAEAB3E}.Debug|Any CPU.Build.0 = Debug|Any CPU
		{4B7B8175-8864-4E25-9FBC-B3644CAEAB3E}.Release|Any CPU.ActiveCfg = Release|Any CPU
		{4B7B8175-8864-4E25-9FBC-B3644CAEAB3E}.Release|Any CPU.Build.0 = Release|Any CPU
	EndGlobalSection
	GlobalSection(SolutionProperties) = preSolution
		HideSolutionNode = FALSE
	EndGlobalSection
	GlobalSection(ExtensibilityGlobals) = postSolution
		SolutionGuid = {65A3676C-B868-411F-A643-BE59E192AD8C}
	EndGlobalSection
EndGlobal
